
Microsoft Visual Studio Solution File, Format Version 12.00
# Visual Studio Version 16
VisualStudioVersion = 16.0.29020.237
MinimumVisualStudioVersion = 10.0.40219.1
Project("{9A19103F-16F7-4668-BE54-9A1E7A4F7556}") = "CloudChat.Relational", "CloudChat.Relational.csproj", "{FCD9F15F-59F8-4D85-968C-881ABE9EA12E}"
EndProject
Global
	GlobalSection(SolutionConfigurationPlatforms) = preSolution
		Debug|Any CPU = Debug|Any CPU
		Release|Any CPU = Release|Any CPU
	EndGlobalSection
	GlobalSection(ProjectConfigurationPlatforms) = postSolution
		{FCD9F15F-59F8-4D85-968C-881ABE9EA12E}.Debug|Any CPU.ActiveCfg = Debug|Any CPU
		{FCD9F15F-59F8-4D85-968C-881ABE9EA12E}.Debug|Any CPU.Build.0 = Debug|Any CPU
		{FCD9F15F-59F8-4D85-968C-881ABE9EA12E}.Release|Any CPU.ActiveCfg = Release|Any CPU
		{FCD9F15F-59F8-4D85-968C-881ABE9EA12E}.Release|Any CPU.Build.0 = Release|Any CPU
	EndGlobalSection
	GlobalSection(SolutionProperties) = preSolution
		HideSolutionNode = FALSE
	EndGlobalSection
	GlobalSection(ExtensibilityGlobals) = postSolution
		SolutionGuid = {BD067F0F-6ED4-47A5-9505-CA5348CF7720}
	EndGlobalSection
EndGlobal
